
Microsoft Visual Studio Solution File, Format Version 12.00
# Visual Studio 15
Project("{FAE04EC0-301F-11D3-BF4B-00C04F79EFBC}") = "VRC.Udon.Serialization.OdinSerializer", "VRC.Udon.Serialization.OdinSerializer.csproj", "{C37EC9C6-FA69-C82F-E4EB-4FE4D39C7651}"
EndProject
Project("{FAE04EC0-301F-11D3-BF4B-00C04F79EFBC}") = "VRC.Udon", "VRC.Udon.csproj", "{95FFB807-4DF1-8049-E0F7-B33E8913C610}"
EndProject
Project("{FAE04EC0-301F-11D3-BF4B-00C04F79EFBC}") = "UdonSharp.Runtime", "UdonSharp.Runtime.csproj", "{13C4F344-A071-42C1-E6FE-1701B36469B4}"
EndProject
Project("{FAE04EC0-301F-11D3-BF4B-00C04F79EFBC}") = "Assembly-CSharp", "Assembly-CSharp.csproj", "{5CDE96C9-02C3-F1CF-667D-6D43F14B9CF1}"
EndProject
Project("{FAE04EC0-301F-11D3-BF4B-00C04F79EFBC}") = "VRC.SDKBase.Editor.BuildPipeline", "VRC.SDKBase.Editor.BuildPipeline.csproj", "{C5CC9154-49B3-BA51-BBBB-BAD8669B53E7}"
EndProject
Project("{FAE04EC0-301F-11D3-BF4B-00C04F79EFBC}") = "VRC.Udon.Editor", "VRC.Udon.Editor.csproj", "{F382C932-2DB9-0C56-0CF8-5BE699A64865}"
EndProject
Project("{FAE04EC0-301F-11D3-BF4B-00C04F79EFBC}") = "UdonSharp.Editor", "UdonSharp.Editor.csproj", "{B9536912-D809-9E86-D533-591926D543F5}"
EndProject
Project("{FAE04EC0-301F-11D3-BF4B-00C04F79EFBC}") = "Assembly-CSharp-Editor", "Assembly-CSharp-Editor.csproj", "{6B048969-C4D6-4CBE-E2B9-9723E183F703}"
EndProject
Project("{FAE04EC0-301F-11D3-BF4B-00C04F79EFBC}") = "VRC.SDKBase.Editor.ShaderStripping", "VRC.SDKBase.Editor.ShaderStripping.csproj", "{26D53100-9CBB-FBC2-B1A3-6A0A48A16BB9}"
EndProject
Project("{FAE04EC0-301F-11D3-BF4B-00C04F79EFBC}") = "UnityEditorTests", "UnityEditorTests.csproj", "{3721D9A5-FD73-D58A-8E39-0D3018B040D3}"
EndProject
Project("{FAE04EC0-301F-11D3-BF4B-00C04F79EFBC}") = "VRC.Udon.Editor.UPMImporter", "VRC.Udon.Editor.UPMImporter.csproj", "{5E3FBFDE-E669-43A9-1A12-FC759031DA49}"
EndProject
Global
	GlobalSection(SolutionConfigurationPlatforms) = preSolution
		Debug|Any CPU = Debug|Any CPU
		Release|Any CPU = Release|Any CPU
	EndGlobalSection
	GlobalSection(ProjectConfigurationPlatforms) = postSolution
		{C37EC9C6-FA69-C82F-E4EB-4FE4D39C7651}.Debug|Any CPU.ActiveCfg = Debug|Any CPU
		{C37EC9C6-FA69-C82F-E4EB-4FE4D39C7651}.Debug|Any CPU.Build.0 = Debug|Any CPU
		{C37EC9C6-FA69-C82F-E4EB-4FE4D39C7651}.Release|Any CPU.ActiveCfg = Release|Any CPU
		{C37EC9C6-FA69-C82F-E4EB-4FE4D39C7651}.Release|Any CPU.Build.0 = Release|Any CPU
		{95FFB807-4DF1-8049-E0F7-B33E8913C610}.Debug|Any CPU.ActiveCfg = Debug|Any CPU
		{95FFB807-4DF1-8049-E0F7-B33E8913C610}.Debug|Any CPU.Build.0 = Debug|Any CPU
		{95FFB807-4DF1-8049-E0F7-B33E8913C610}.Release|Any CPU.ActiveCfg = Release|Any CPU
		{95FFB807-4DF1-8049-E0F7-B33E8913C610}.Release|Any CPU.Build.0 = Release|Any CPU
		{13C4F344-A071-42C1-E6FE-1701B36469B4}.Debug|Any CPU.ActiveCfg = Debug|Any CPU
		{13C4F344-A071-42C1-E6FE-1701B36469B4}.Debug|Any CPU.Build.0 = Debug|Any CPU
		{13C4F344-A071-42C1-E6FE-1701B36469B4}.Release|Any CPU.ActiveCfg = Release|Any CPU
		{13C4F344-A071-42C1-E6FE-1701B36469B4}.Release|Any CPU.Build.0 = Release|Any CPU
		{5CDE96C9-02C3-F1CF-667D-6D43F14B9CF1}.Debug|Any CPU.ActiveCfg = Debug|Any CPU
		{5CDE96C9-02C3-F1CF-667D-6D43F14B9CF1}.Debug|Any CPU.Build.0 = Debug|Any CPU
		{5CDE96C9-02C3-F1CF-667D-6D43F14B9CF1}.Release|Any CPU.ActiveCfg = Release|Any CPU
		{5CDE96C9-02C3-F1CF-667D-6D43F14B9CF1}.Release|Any CPU.Build.0 = Release|Any CPU
		{C5CC9154-49B3-BA51-BBBB-BAD8669B53E7}.Debug|Any CPU.ActiveCfg = Debug|Any CPU
		{C5CC9154-49B3-BA51-BBBB-BAD8669B53E7}.Debug|Any CPU.Build.0 = Debug|Any CPU
		{C5CC9154-49B3-BA51-BBBB-BAD8669B53E7}.Release|Any CPU.ActiveCfg = Release|Any CPU
		{C5CC9154-49B3-BA51-BBBB-BAD8669B53E7}.Release|Any CPU.Build.0 = Release|Any CPU
		{F382C932-2DB9-0C56-0CF8-5BE699A64865}.Debug|Any CPU.ActiveCfg = Debug|Any CPU
		{F382C932-2DB9-0C56-0CF8-5BE699A64865}.Debug|Any CPU.Build.0 = Debug|Any CPU
		{F382C932-2DB9-0C56-0CF8-5BE699A64865}.Release|Any CPU.ActiveCfg = Release|Any CPU
		{F382C932-2DB9-0C56-0CF8-5BE699A64865}.Release|Any CPU.Build.0 = Release|Any CPU
		{B9536912-D809-9E86-D533-591926D543F5}.Debug|Any CPU.ActiveCfg = Debug|Any CPU
		{B9536912-D809-9E86-D533-591926D543F5}.Debug|Any CPU.Build.0 = Debug|Any CPU
		{B9536912-D809-9E86-D533-591926D543F5}.Release|Any CPU.ActiveCfg = Release|Any CPU
		{B9536912-D809-9E86-D533-591926D543F5}.Release|Any CPU.Build.0 = Release|Any CPU
		{6B048969-C4D6-4CBE-E2B9-9723E183F703}.Debug|Any CPU.ActiveCfg = Debug|Any CPU
		{6B048969-C4D6-4CBE-E2B9-9723E183F703}.Debug|Any CPU.Build.0 = Debug|Any CPU
		{6B048969-C4D6-4CBE-E2B9-9723E183F703}.Release|Any CPU.ActiveCfg = Release|Any CPU
		{6B048969-C4D6-4CBE-E2B9-9723E183F703}.Release|Any CPU.Build.0 = Release|Any CPU
		{26D53100-9CBB-FBC2-B1A3-6A0A48A16BB9}.Debug|Any CPU.ActiveCfg = Debug|Any CPU
		{26D53100-9CBB-FBC2-B1A3-6A0A48A16BB9}.Debug|Any CPU.Build.0 = Debug|Any CPU
		{26D53100-9CBB-FBC2-B1A3-6A0A48A16BB9}.Release|Any CPU.ActiveCfg = Release|Any CPU
		{26D53100-9CBB-FBC2-B1A3-6A0A48A16BB9}.Release|Any CPU.Build.0 = Release|Any CPU
		{3721D9A5-FD73-D58A-8E39-0D3018B040D3}.Debug|Any CPU.ActiveCfg = Debug|Any CPU
		{3721D9A5-FD73-D58A-8E39-0D3018B040D3}.Debug|Any CPU.Build.0 = Debug|Any CPU
		{3721D9A5-FD73-D58A-8E39-0D3018B040D3}.Release|Any CPU.ActiveCfg = Release|Any CPU
		{3721D9A5-FD73-D58A-8E39-0D3018B040D3}.Release|Any CPU.Build.0 = Release|Any CPU
		{5E3FBFDE-E669-43A9-1A12-FC759031DA49}.Debug|Any CPU.ActiveCfg = Debug|Any CPU
		{5E3FBFDE-E669-43A9-1A12-FC759031DA49}.Debug|Any CPU.Build.0 = Debug|Any CPU
		{5E3FBFDE-E669-43A9-1A12-FC759031DA49}.Release|Any CPU.ActiveCfg = Release|Any CPU
		{5E3FBFDE-E669-43A9-1A12-FC759031DA49}.Release|Any CPU.Build.0 = Release|Any CPU
	EndGlobalSection
	GlobalSection(SolutionProperties) = preSolution
		HideSolutionNode = FALSE
	EndGlobalSection
EndGlobal
